
Microsoft Visual Studio Solution File, Format Version 12.00
# Visual Studio Version 17
VisualStudioVersion = 17.6.33829.357
MinimumVisualStudioVersion = 10.0.40219.1
Project("{2150E333-8FDC-42A3-9474-1A3956D46DE8}") = "Task0", "Task0", "{F8F452D2-AFE0-49F7-BAF2-36FC34EA0468}"
EndProject
Project("{FAE04EC0-301F-11D3-BF4B-00C04F79EFBC}") = "Tyuiu.SmirnovIA.Sprint2.Task0.V20", "Tyuiu.SmirnovIA.Sprint2.Task0.V20\Tyuiu.SmirnovIA.Sprint2.Task0.V20.csproj", "{AA99BB08-8EDC-43B7-AC19-BE73D44DA360}"
EndProject
Project("{FAE04EC0-301F-11D3-BF4B-00C04F79EFBC}") = "Tyuiu.SmirnovIA.Sprint2.Task0.V20.Lib", "Tyuiu.SmirnovIA.Sprint2.Task0.V20.Lib\Tyuiu.SmirnovIA.Sprint2.Task0.V20.Lib.csproj", "{58DCEB9A-BE7F-4F55-9FF6-304B289246A9}"
EndProject
Project("{FAE04EC0-301F-11D3-BF4B-00C04F79EFBC}") = "Tyuiu.SmirnovIA.Sprint2.Task0.V20.Test", "Tyuiu.SmirnovIA.Sprint2.Task0.V20.Test\Tyuiu.SmirnovIA.Sprint2.Task0.V20.Test.csproj", "{C0CE5C21-A0C0-4B03-B6A7-CC6A31B928F4}"
EndProject
Project("{2150E333-8FDC-42A3-9474-1A3956D46DE8}") = "Task1", "Task1", "{E5FC1247-30F4-4844-A8AF-7B0552A38B4F}"
EndProject
Project("{FAE04EC0-301F-11D3-BF4B-00C04F79EFBC}") = "Tyuiu.SmirnovIA.Sprint2.Task1.V22", "Tyuiu.SmirnovIA.Sprint2.Task1.V22\Tyuiu.SmirnovIA.Sprint2.Task1.V22.csproj", "{F47EB783-B8B0-4607-98DD-0FB41F53F4F6}"
EndProject
Project("{FAE04EC0-301F-11D3-BF4B-00C04F79EFBC}") = "Tyuiu.SmirnovIA.Sprint2.Task1.V22.Lib", "Tyuiu.SmirnovIA.Sprint2.Task1.V22.Lib\Tyuiu.SmirnovIA.Sprint2.Task1.V22.Lib.csproj", "{B9F8EF62-8E7B-4D1A-B223-0FCDAA9794C1}"
EndProject
Project("{FAE04EC0-301F-11D3-BF4B-00C04F79EFBC}") = "Tyuiu.SmirnovIA.Sprint2.Task1.V22.Test", "Tyuiu.SmirnovIA.Sprint2.Task1.V22.Test\Tyuiu.SmirnovIA.Sprint2.Task1.V22.Test.csproj", "{14A4DCC9-AFCB-404A-9777-0D4B279AB5F0}"
EndProject
Project("{2150E333-8FDC-42A3-9474-1A3956D46DE8}") = "Task2", "Task2", "{151FBBA7-9B8E-4FCF-A996-7C58DCFD6A52}"
EndProject
Project("{FAE04EC0-301F-11D3-BF4B-00C04F79EFBC}") = "Tyuiu.SmirnovIA.Sprint2.Task2.V14", "Tyuiu.SmirnovIA.Sprint2.Task2.V14\Tyuiu.SmirnovIA.Sprint2.Task2.V14.csproj", "{DB309E09-DC67-486B-950E-6B8D995136E6}"
EndProject
Project("{FAE04EC0-301F-11D3-BF4B-00C04F79EFBC}") = "Tyuiu.SmirnovIA.Sprint2.Task2.V14.Lib", "Tyuiu.SmirnovIA.Sprint2.Task2.V14.Lib\Tyuiu.SmirnovIA.Sprint2.Task2.V14.Lib.csproj", "{A7C61058-C656-4D60-9111-5B41CDDB15E2}"
EndProject
Project("{FAE04EC0-301F-11D3-BF4B-00C04F79EFBC}") = "Tyuiu.SmirnovIA.Sprint2.Task2.V14.Test", "Tyuiu.SmirnovIA.Sprint2.Task2.V14.Test\Tyuiu.SmirnovIA.Sprint2.Task2.V14.Test.csproj", "{13657C44-E957-453F-AC7A-780E60DB7FE4}"
EndProject
Project("{2150E333-8FDC-42A3-9474-1A3956D46DE8}") = "Task3", "Task3", "{179E820A-8112-4C88-AD3C-E1C67FD31CD9}"
EndProject
Project("{FAE04EC0-301F-11D3-BF4B-00C04F79EFBC}") = "Tyuiu.SmirnovIA.Sprint2.Task3.V19", "Tyuiu.SmirnovIA.Sprint2.Task3.V19\Tyuiu.SmirnovIA.Sprint2.Task3.V19.csproj", "{B1E6A360-2EA9-407F-B7FB-ADF9A420DBF5}"
EndProject
Project("{FAE04EC0-301F-11D3-BF4B-00C04F79EFBC}") = "Tyuiu.SmirnovIA.Sprint2.Task3.V19.Lib", "Tyuiu.SmirnovIA.Sprint2.Task3.V19.Lib\Tyuiu.SmirnovIA.Sprint2.Task3.V19.Lib.csproj", "{8372C3E2-A4B2-4781-97E2-C8B07F6D492A}"
EndProject
Project("{FAE04EC0-301F-11D3-BF4B-00C04F79EFBC}") = "Tyuiu.SmirnovIA.Sprint2.Task3.V19.Test", "Tyuiu.SmirnovIA.Sprint2.Task3.V19.Test\Tyuiu.SmirnovIA.Sprint2.Task3.V19.Test.csproj", "{4B85F939-F625-4DF7-AD04-8EFF4EEF239B}"
EndProject
Project("{2150E333-8FDC-42A3-9474-1A3956D46DE8}") = "Task4", "Task4", "{7DE804C2-2E72-4FC6-B5AA-AD3866B66B9C}"
EndProject
Project("{FAE04EC0-301F-11D3-BF4B-00C04F79EFBC}") = "Tyuiu.SmirnovIA.Sprint2.Task4.V19", "Tyuiu.SmirnovIA.Sprint2.Task4.V19\Tyuiu.SmirnovIA.Sprint2.Task4.V19.csproj", "{0C5837FE-EA52-4AAA-B6CD-30E6BF58A592}"
EndProject
Project("{FAE04EC0-301F-11D3-BF4B-00C04F79EFBC}") = "Tyuiu.SmirnovIA.Sprint2.Task4.V19.Lib", "Tyuiu.SmirnovIA.Sprint2.Task4.V19.Lib\Tyuiu.SmirnovIA.Sprint2.Task4.V19.Lib.csproj", "{D4E6FBB8-9603-458B-8E6B-DC7DE6D5A095}"
EndProject
Project("{FAE04EC0-301F-11D3-BF4B-00C04F79EFBC}") = "Tyuiu.SmirnovIA.Sprint2.Task4.V19.Test", "Tyuiu.SmirnovIA.Sprint2.Task4.V19.Test\Tyuiu.SmirnovIA.Sprint2.Task4.V19.Test.csproj", "{695FEFAE-FFD5-4D50-9F51-1BFDE555319E}"
EndProject
Project("{2150E333-8FDC-42A3-9474-1A3956D46DE8}") = "Task5", "Task5", "{4E3633BF-3BD5-42AF-A49B-B39616E05A3B}"
EndProject
Project("{FAE04EC0-301F-11D3-BF4B-00C04F79EFBC}") = "Tyuiu.SmirnovIA.Sprint2.Task5.V8", "Tyuiu.SmirnovIA.Sprint2.Task5.V8\Tyuiu.SmirnovIA.Sprint2.Task5.V8.csproj", "{D7987CA4-68E1-47B8-8294-DB013D7238D5}"
EndProject
Project("{FAE04EC0-301F-11D3-BF4B-00C04F79EFBC}") = "Tyuiu.SmirnovIA.Sprint2.Task5.V8.Lib", "Tyuiu.SmirnovIA.Sprint2.Task5.V8.Lib\Tyuiu.SmirnovIA.Sprint2.Task5.V8.Lib.csproj", "{18B6DE4B-3283-4F97-805D-7A401FCA5141}"
EndProject
Project("{FAE04EC0-301F-11D3-BF4B-00C04F79EFBC}") = "Tyuiu.SmirnovIA.Sprint2.Task5.V8.Test", "Tyuiu.SmirnovIA.Sprint2.Task5.V8.Test\Tyuiu.SmirnovIA.Sprint2.Task5.V8.Test.csproj", "{875FA969-6026-4001-AAAE-FF493D51C467}"
EndProject
Project("{2150E333-8FDC-42A3-9474-1A3956D46DE8}") = "Task6", "Task6", "{29A49BCD-DFB5-412E-84BA-492F8E30EE9C}"
EndProject
Project("{FAE04EC0-301F-11D3-BF4B-00C04F79EFBC}") = "Tyuiu.SmirnovIA.Sprint2.Task6.V9", "Tyuiu.SmirnovIA.Sprint2.Task6.V9\Tyuiu.SmirnovIA.Sprint2.Task6.V9.csproj", "{7497DF63-1401-44CF-9269-DF1FAC332E13}"
EndProject
Project("{FAE04EC0-301F-11D3-BF4B-00C04F79EFBC}") = "Tyuiu.SmirnovIA.Sprint2.Task6.V9.Lib", "Tyuiu.SmirnovIA.Sprint2.Task6.V9.Lib\Tyuiu.SmirnovIA.Sprint2.Task6.V9.Lib.csproj", "{35EE6BA7-461F-4F53-8E67-69969234ADBA}"
EndProject
Project("{FAE04EC0-301F-11D3-BF4B-00C04F79EFBC}") = "Tyuiu.SmirnovIA.Sprint2.Task6.V9.Test", "Tyuiu.SmirnovIA.Sprint2.Task6.V9.Test\Tyuiu.SmirnovIA.Sprint2.Task6.V9.Test.csproj", "{79A00463-A504-41DD-917B-2D2251E6418A}"
EndProject
Project("{2150E333-8FDC-42A3-9474-1A3956D46DE8}") = "Task7", "Task7", "{CB11863B-9813-47F0-9368-86BB8425B337}"
EndProject
Project("{FAE04EC0-301F-11D3-BF4B-00C04F79EFBC}") = "Tyuiu.SmirnovIA.Sprint2.Task7.V8", "Tyuiu.SmirnovIA.Sprint2.Task7.V8\Tyuiu.SmirnovIA.Sprint2.Task7.V8.csproj", "{A501C9CE-8127-46CB-9790-E5510058EC0B}"
EndProject
Project("{FAE04EC0-301F-11D3-BF4B-00C04F79EFBC}") = "Tyuiu.SmirnovIA.Sprint2.Task7.V8.Lib", "Tyuiu.SmirnovIA.Sprint2.Task7.V8.Lib\Tyuiu.SmirnovIA.Sprint2.Task7.V8.Lib.csproj", "{157C7338-E832-4E86-A69E-BD3E677A9ADE}"
EndProject
Project("{FAE04EC0-301F-11D3-BF4B-00C04F79EFBC}") = "Tyuiu.SmirnovIA.Sprint2.Task7.V8.Test", "Tyuiu.SmirnovIA.Sprint2.Task7.V8.Test\Tyuiu.SmirnovIA.Sprint2.Task7.V8.Test.csproj", "{34F264F4-2A83-49FD-8CCE-B9F39B84D647}"
EndProject
Global
	GlobalSection(SolutionConfigurationPlatforms) = preSolution
		Debug|Any CPU = Debug|Any CPU
		Release|Any CPU = Release|Any CPU
	EndGlobalSection
	GlobalSection(ProjectConfigurationPlatforms) = postSolution
		{AA99BB08-8EDC-43B7-AC19-BE73D44DA360}.Debug|Any CPU.ActiveCfg = Debug|Any CPU
		{AA99BB08-8EDC-43B7-AC19-BE73D44DA360}.Debug|Any CPU.Build.0 = Debug|Any CPU
		{AA99BB08-8EDC-43B7-AC19-BE73D44DA360}.Release|Any CPU.ActiveCfg = Release|Any CPU
		{AA99BB08-8EDC-43B7-AC19-BE73D44DA360}.Release|Any CPU.Build.0 = Release|Any CPU
		{58DCEB9A-BE7F-4F55-9FF6-304B289246A9}.Debug|Any CPU.ActiveCfg = Debug|Any CPU
		{58DCEB9A-BE7F-4F55-9FF6-304B289246A9}.Debug|Any CPU.Build.0 = Debug|Any CPU
		{58DCEB9A-BE7F-4F55-9FF6-304B289246A9}.Release|Any CPU.ActiveCfg = Release|Any CPU
		{58DCEB9A-BE7F-4F55-9FF6-304B289246A9}.Release|Any CPU.Build.0 = Release|Any CPU
		{C0CE5C21-A0C0-4B03-B6A7-CC6A31B928F4}.Debug|Any CPU.ActiveCfg = Debug|Any CPU
		{C0CE5C21-A0C0-4B03-B6A7-CC6A31B928F4}.Debug|Any CPU.Build.0 = Debug|Any CPU
		{C0CE5C21-A0C0-4B03-B6A7-CC6A31B928F4}.Release|Any CPU.ActiveCfg = Release|Any CPU
		{C0CE5C21-A0C0-4B03-B6A7-CC6A31B928F4}.Release|Any CPU.Build.0 = Release|Any CPU
		{F47EB783-B8B0-4607-98DD-0FB41F53F4F6}.Debug|Any CPU.ActiveCfg = Debug|Any CPU
		{F47EB783-B8B0-4607-98DD-0FB41F53F4F6}.Debug|Any CPU.Build.0 = Debug|Any CPU
		{F47EB783-B8B0-4607-98DD-0FB41F53F4F6}.Release|Any CPU.ActiveCfg = Release|Any CPU
		{F47EB783-B8B0-4607-98DD-0FB41F53F4F6}.Release|Any CPU.Build.0 = Release|Any CPU
		{B9F8EF62-8E7B-4D1A-B223-0FCDAA9794C1}.Debug|Any CPU.ActiveCfg = Debug|Any CPU
		{B9F8EF62-8E7B-4D1A-B223-0FCDAA9794C1}.Debug|Any CPU.Build.0 = Debug|Any CPU
		{B9F8EF62-8E7B-4D1A-B223-0FCDAA9794C1}.Release|Any CPU.ActiveCfg = Release|Any CPU
		{B9F8EF62-8E7B-4D1A-B223-0FCDAA9794C1}.Release|Any CPU.Build.0 = Release|Any CPU
		{14A4DCC9-AFCB-404A-9777-0D4B279AB5F0}.Debug|Any CPU.ActiveCfg = Debug|Any CPU
		{14A4DCC9-AFCB-404A-9777-0D4B279AB5F0}.Debug|Any CPU.Build.0 = Debug|Any CPU
		{14A4DCC9-AFCB-404A-9777-0D4B279AB5F0}.Release|Any CPU.ActiveCfg = Release|Any CPU
		{14A4DCC9-AFCB-404A-9777-0D4B279AB5F0}.Release|Any CPU.Build.0 = Release|Any CPU
		{DB309E09-DC67-486B-950E-6B8D995136E6}.Debug|Any CPU.ActiveCfg = Debug|Any CPU
		{DB309E09-DC67-486B-950E-6B8D995136E6}.Debug|Any CPU.Build.0 = Debug|Any CPU
		{DB309E09-DC67-486B-950E-6B8D995136E6}.Release|Any CPU.ActiveCfg = Release|Any CPU
		{DB309E09-DC67-486B-950E-6B8D995136E6}.Release|Any CPU.Build.0 = Release|Any CPU
		{A7C61058-C656-4D60-9111-5B41CDDB15E2}.Debug|Any CPU.ActiveCfg = Debug|Any CPU
		{A7C61058-C656-4D60-9111-5B41CDDB15E2}.Debug|Any CPU.Build.0 = Debug|Any CPU
		{A7C61058-C656-4D60-9111-5B41CDDB15E2}.Release|Any CPU.ActiveCfg = Release|Any CPU
		{A7C61058-C656-4D60-9111-5B41CDDB15E2}.Release|Any CPU.Build.0 = Release|Any CPU
		{13657C44-E957-453F-AC7A-780E60DB7FE4}.Debug|Any CPU.ActiveCfg = Debug|Any CPU
		{13657C44-E957-453F-AC7A-780E60DB7FE4}.Debug|Any CPU.Build.0 = Debug|Any CPU
		{13657C44-E957-453F-AC7A-780E60DB7FE4}.Release|Any CPU.ActiveCfg = Release|Any CPU
		{13657C44-E957-453F-AC7A-780E60DB7FE4}.Release|Any CPU.Build.0 = Release|Any CPU
		{B1E6A360-2EA9-407F-B7FB-ADF9A420DBF5}.Debug|Any CPU.ActiveCfg = Debug|Any CPU
		{B1E6A360-2EA9-407F-B7FB-ADF9A420DBF5}.Debug|Any CPU.Build.0 = Debug|Any CPU
		{B1E6A360-2EA9-407F-B7FB-ADF9A420DBF5}.Release|Any CPU.ActiveCfg = Release|Any CPU
		{B1E6A360-2EA9-407F-B7FB-ADF9A420DBF5}.Release|Any CPU.Build.0 = Release|Any CPU
		{8372C3E2-A4B2-4781-97E2-C8B07F6D492A}.Debug|Any CPU.ActiveCfg = Debug|Any CPU
		{8372C3E2-A4B2-4781-97E2-C8B07F6D492A}.Debug|Any CPU.Build.0 = Debug|Any CPU
		{8372C3E2-A4B2-4781-97E2-C8B07F6D492A}.Release|Any CPU.ActiveCfg = Release|Any CPU
		{8372C3E2-A4B2-4781-97E2-C8B07F6D492A}.Release|Any CPU.Build.0 = Release|Any CPU
		{4B85F939-F625-4DF7-AD04-8EFF4EEF239B}.Debug|Any CPU.ActiveCfg = Debug|Any CPU
		{4B85F939-F625-4DF7-AD04-8EFF4EEF239B}.Debug|Any CPU.Build.0 = Debug|Any CPU
		{4B85F939-F625-4DF7-AD04-8EFF4EEF239B}.Release|Any CPU.ActiveCfg = Release|Any CPU
		{4B85F939-F625-4DF7-AD04-8EFF4EEF239B}.Release|Any CPU.Build.0 = Release|Any CPU
		{0C5837FE-EA52-4AAA-B6CD-30E6BF58A592}.Debug|Any CPU.ActiveCfg = Debug|Any CPU
		{0C5837FE-EA52-4AAA-B6CD-30E6BF58A592}.Debug|Any CPU.Build.0 = Debug|Any CPU
		{0C5837FE-EA52-4AAA-B6CD-30E6BF58A592}.Release|Any CPU.ActiveCfg = Release|Any CPU
		{0C5837FE-EA52-4AAA-B6CD-30E6BF58A592}.Release|Any CPU.Build.0 = Release|Any CPU
		{D4E6FBB8-9603-458B-8E6B-DC7DE6D5A095}.Debug|Any CPU.ActiveCfg = Debug|Any CPU
		{D4E6FBB8-9603-458B-8E6B-DC7DE6D5A095}.Debug|Any CPU.Build.0 = Debug|Any CPU
		{D4E6FBB8-9603-458B-8E6B-DC7DE6D5A095}.Release|Any CPU.ActiveCfg = Release|Any CPU
		{D4E6FBB8-9603-458B-8E6B-DC7DE6D5A095}.Release|Any CPU.Build.0 = Release|Any CPU
		{695FEFAE-FFD5-4D50-9F51-1BFDE555319E}.Debug|Any CPU.ActiveCfg = Debug|Any CPU
		{695FEFAE-FFD5-4D50-9F51-1BFDE555319E}.Debug|Any CPU.Build.0 = Debug|Any CPU
		{695FEFAE-FFD5-4D50-9F51-1BFDE555319E}.Release|Any CPU.ActiveCfg = Release|Any CPU
		{695FEFAE-FFD5-4D50-9F51-1BFDE555319E}.Release|Any CPU.Build.0 = Release|Any CPU
		{D7987CA4-68E1-47B8-8294-DB013D7238D5}.Debug|Any CPU.ActiveCfg = Debug|Any CPU
		{D7987CA4-68E1-47B8-8294-DB013D7238D5}.Debug|Any CPU.Build.0 = Debug|Any CPU
		{D7987CA4-68E1-47B8-8294-DB013D7238D5}.Release|Any CPU.ActiveCfg = Release|Any CPU
		{D7987CA4-68E1-47B8-8294-DB013D7238D5}.Release|Any CPU.Build.0 = Release|Any CPU
		{18B6DE4B-3283-4F97-805D-7A401FCA5141}.Debug|Any CPU.ActiveCfg = Debug|Any CPU
		{18B6DE4B-3283-4F97-805D-7A401FCA5141}.Debug|Any CPU.Build.0 = Debug|Any CPU
		{18B6DE4B-3283-4F97-805D-7A401FCA5141}.Release|Any CPU.ActiveCfg = Release|Any CPU
		{18B6DE4B-3283-4F97-805D-7A401FCA5141}.Release|Any CPU.Build.0 = Release|Any CPU
		{875FA969-6026-4001-AAAE-FF493D51C467}.Debug|Any CPU.ActiveCfg = Debug|Any CPU
		{875FA969-6026-4001-AAAE-FF493D51C467}.Debug|Any CPU.Build.0 = Debug|Any CPU
		{875FA969-6026-4001-AAAE-FF493D51C467}.Release|Any CPU.ActiveCfg = Release|Any CPU
		{875FA969-6026-4001-AAAE-FF493D51C467}.Release|Any CPU.Build.0 = Release|Any CPU
		{7497DF63-1401-44CF-9269-DF1FAC332E13}.Debug|Any CPU.ActiveCfg = Debug|Any CPU
		{7497DF63-1401-44CF-9269-DF1FAC332E13}.Debug|Any CPU.Build.0 = Debug|Any CPU
		{7497DF63-1401-44CF-9269-DF1FAC332E13}.Release|Any CPU.ActiveCfg = Release|Any CPU
		{7497DF63-1401-44CF-9269-DF1FAC332E13}.Release|Any CPU.Build.0 = Release|Any CPU
		{35EE6BA7-461F-4F53-8E67-69969234ADBA}.Debug|Any CPU.ActiveCfg = Debug|Any CPU
		{35EE6BA7-461F-4F53-8E67-69969234ADBA}.Debug|Any CPU.Build.0 = Debug|Any CPU
		{35EE6BA7-461F-4F53-8E67-69969234ADBA}.Release|Any CPU.ActiveCfg = Release|Any CPU
		{35EE6BA7-461F-4F53-8E67-69969234ADBA}.Release|Any CPU.Build.0 = Release|Any CPU
		{79A00463-A504-41DD-917B-2D2251E6418A}.Debug|Any CPU.ActiveCfg = Debug|Any CPU
		{79A00463-A504-41DD-917B-2D2251E6418A}.Debug|Any CPU.Build.0 = Debug|Any CPU
		{79A00463-A504-41DD-917B-2D2251E6418A}.Release|Any CPU.ActiveCfg = Release|Any CPU
		{79A00463-A504-41DD-917B-2D2251E6418A}.Release|Any CPU.Build.0 = Release|Any CPU
		{A501C9CE-8127-46CB-9790-E5510058EC0B}.Debug|Any CPU.ActiveCfg = Debug|Any CPU
		{A501C9CE-8127-46CB-9790-E5510058EC0B}.Debug|Any CPU.Build.0 = Debug|Any CPU
		{A501C9CE-8127-46CB-9790-E5510058EC0B}.Release|Any CPU.ActiveCfg = Release|Any CPU
		{A501C9CE-8127-46CB-9790-E5510058EC0B}.Release|Any CPU.Build.0 = Release|Any CPU
		{157C7338-E832-4E86-A69E-BD3E677A9ADE}.Debug|Any CPU.ActiveCfg = Debug|Any CPU
		{157C7338-E832-4E86-A69E-BD3E677A9ADE}.Debug|Any CPU.Build.0 = Debug|Any CPU
		{157C7338-E832-4E86-A69E-BD3E677A9ADE}.Release|Any CPU.ActiveCfg = Release|Any CPU
		{157C7338-E832-4E86-A69E-BD3E677A9ADE}.Release|Any CPU.Build.0 = Release|Any CPU
		{34F264F4-2A83-49FD-8CCE-B9F39B84D647}.Debug|Any CPU.ActiveCfg = Debug|Any CPU
		{34F264F4-2A83-49FD-8CCE-B9F39B84D647}.Debug|Any CPU.Build.0 = Debug|Any CPU
		{34F264F4-2A83-49FD-8CCE-B9F39B84D647}.Release|Any CPU.ActiveCfg = Release|Any CPU
		{34F264F4-2A83-49FD-8CCE-B9F39B84D647}.Release|Any CPU.Build.0 = Release|Any CPU
	EndGlobalSection
	GlobalSection(SolutionProperties) = preSolution
		HideSolutionNode = FALSE
	EndGlobalSection
	GlobalSection(NestedProjects) = preSolution
		{AA99BB08-8EDC-43B7-AC19-BE73D44DA360} = {F8F452D2-AFE0-49F7-BAF2-36FC34EA0468}
		{58DCEB9A-BE7F-4F55-9FF6-304B289246A9} = {F8F452D2-AFE0-49F7-BAF2-36FC34EA0468}
		{C0CE5C21-A0C0-4B03-B6A7-CC6A31B928F4} = {F8F452D2-AFE0-49F7-BAF2-36FC34EA0468}
		{F47EB783-B8B0-4607-98DD-0FB41F53F4F6} = {E5FC1247-30F4-4844-A8AF-7B0552A38B4F}
		{B9F8EF62-8E7B-4D1A-B223-0FCDAA9794C1} = {E5FC1247-30F4-4844-A8AF-7B0552A38B4F}
		{14A4DCC9-AFCB-404A-9777-0D4B279AB5F0} = {E5FC1247-30F4-4844-A8AF-7B0552A38B4F}
		{DB309E09-DC67-486B-950E-6B8D995136E6} = {151FBBA7-9B8E-4FCF-A996-7C58DCFD6A52}
		{A7C61058-C656-4D60-9111-5B41CDDB15E2} = {151FBBA7-9B8E-4FCF-A996-7C58DCFD6A52}
		{13657C44-E957-453F-AC7A-780E60DB7FE4} = {151FBBA7-9B8E-4FCF-A996-7C58DCFD6A52}
		{B1E6A360-2EA9-407F-B7FB-ADF9A420DBF5} = {179E820A-8112-4C88-AD3C-E1C67FD31CD9}
		{8372C3E2-A4B2-4781-97E2-C8B07F6D492A} = {179E820A-8112-4C88-AD3C-E1C67FD31CD9}
		{4B85F939-F625-4DF7-AD04-8EFF4EEF239B} = {179E820A-8112-4C88-AD3C-E1C67FD31CD9}
		{0C5837FE-EA52-4AAA-B6CD-30E6BF58A592} = {7DE804C2-2E72-4FC6-B5AA-AD3866B66B9C}
		{D4E6FBB8-9603-458B-8E6B-DC7DE6D5A095} = {7DE804C2-2E72-4FC6-B5AA-AD3866B66B9C}
		{695FEFAE-FFD5-4D50-9F51-1BFDE555319E} = {7DE804C2-2E72-4FC6-B5AA-AD3866B66B9C}
		{D7987CA4-68E1-47B8-8294-DB013D7238D5} = {4E3633BF-3BD5-42AF-A49B-B39616E05A3B}
		{18B6DE4B-3283-4F97-805D-7A401FCA5141} = {4E3633BF-3BD5-42AF-A49B-B39616E05A3B}
		{875FA969-6026-4001-AAAE-FF493D51C467} = {4E3633BF-3BD5-42AF-A49B-B39616E05A3B}
		{7497DF63-1401-44CF-9269-DF1FAC332E13} = {29A49BCD-DFB5-412E-84BA-492F8E30EE9C}
		{35EE6BA7-461F-4F53-8E67-69969234ADBA} = {29A49BCD-DFB5-412E-84BA-492F8E30EE9C}
		{79A00463-A504-41DD-917B-2D2251E6418A} = {29A49BCD-DFB5-412E-84BA-492F8E30EE9C}
		{A501C9CE-8127-46CB-9790-E5510058EC0B} = {CB11863B-9813-47F0-9368-86BB8425B337}
		{157C7338-E832-4E86-A69E-BD3E677A9ADE} = {CB11863B-9813-47F0-9368-86BB8425B337}
		{34F264F4-2A83-49FD-8CCE-B9F39B84D647} = {CB11863B-9813-47F0-9368-86BB8425B337}
	EndGlobalSection
	GlobalSection(ExtensibilityGlobals) = postSolution
		SolutionGuid = {06C3A63D-2832-4CF4-8ABE-AEB662E1DB2D}
	EndGlobalSection
EndGlobal
